version = 1
revision = 3
requires-python = ">=3.12"

[[package]]
name = "cbor2"
version = "5.6.5"
source = { registry = "https://pypi.org/simple" }
sdist = { url = "https://files.pythonhosted.org/packages/e4/aa/ba55b47d51d27911981a18743b4d3cebfabccbb0598c09801b734cec4184/cbor2-5.6.5.tar.gz", hash = "sha256:b682820677ee1dbba45f7da11898d2720f92e06be36acec290867d5ebf3d7e09", size = 100886, upload-time = "2024-10-09T12:26:24.106Z" }
wheels = [
    { url = "https://files.pythonhosted.org/packages/57/af/84ced14c541451696825b7b8ccbb7668f688372ad8ee74aaca4311e79672/cbor2-5.6.5-cp312-cp312-macosx_10_13_x86_64.whl", hash = "sha256:e25c2aebc9db99af7190e2261168cdde8ed3d639ca06868e4f477cf3a228a8e9", size = 67553, upload-time = "2024-10-09T12:25:45.767Z" },
    { url = "https://files.pythonhosted.org/packages/f2/d6/f63a840c68fed4de67d5441947af2dc695152cc488bb0e57312832fb923a/cbor2-5.6.5-cp312-cp312-macosx_11_0_arm64.whl", hash = "sha256:fde21ac1cf29336a31615a2c469a9cb03cf0add3ae480672d4d38cda467d07fc", size = 67569, upload-time = "2024-10-09T12:25:46.665Z" },
    { url = "https://files.pythonhosted.org/packages/77/ac/5fb79db6e882ec29680f4a974d35c098020a1b4709cad077667a8c3f4676/cbor2-5.6.5-cp312-cp312-manylinux_2_17_aarch64.manylinux2014_aarch64.whl", hash = "sha256:a8947c102cac79d049eadbd5e2ffb8189952890df7cbc3ee262bbc2f95b011a9", size = 276610, upload-time = "2024-10-09T12:25:48.14Z" },
    { url = "https://files.pythonhosted.org/packages/cf/cb/70751377d94112001d46c311b5c40b45f34863dfa78a6bc71b71f40c8c7f/cbor2-5.6.5-cp312-cp312-manylinux_2_17_x86_64.manylinux2014_x86_64.whl", hash = "sha256:38886c41bebcd7dca57739439455bce759f1e4c551b511f618b8e9c1295b431b", size = 270004, upload-time = "2024-10-09T12:25:49.769Z" },
    { url = "https://files.pythonhosted.org/packages/f1/90/08800367e920aef31b93bd7b0cd6fadcb3a3f2243f4ed77a0d1c76f22b99/cbor2-5.6.5-cp312-cp312-musllinux_1_2_aarch64.whl", hash = "sha256:ae2b49226224e92851c333b91d83292ec62eba53a19c68a79890ce35f1230d70", size = 264913, upload-time = "2024-10-09T12:25:50.92Z" },
    { url = "https://files.pythonhosted.org/packages/a8/9c/76b11a5ea7548bccb0dfef3e8fb3ede48bfeb39348f0c217519e0c40d33a/cbor2-5.6.5-cp312-cp312-musllinux_1_2_x86_64.whl", hash = "sha256:f2764804ffb6553283fc4afb10a280715905a4cea4d6dc7c90d3e89c4a93bc8d", size = 266751, upload-time = "2024-10-09T12:25:52.777Z" },
    { url = "https://files.pythonhosted.org/packages/10/18/3866693a87c90cb12f7942e791d0f03a40ba44887dde7b7fc85319647efe/cbor2-5.6.5-cp312-cp312-win_amd64.whl", hash = "sha256:a3ac50485cf67dfaab170a3e7b527630e93cb0a6af8cdaa403054215dff93adf", size = 66739, upload-time = "2024-10-09T12:25:54.606Z" },
    { url = "https://files.pythonhosted.org/packages/2b/69/77e93caae71d1baee927c9762e702c464715d88073133052c74ecc9d37d4/cbor2-5.6.5-cp313-cp313-macosx_10_13_x86_64.whl", hash = "sha256:f0d0a9c5aabd48ecb17acf56004a7542a0b8d8212be52f3102b8218284bd881e", size = 67647, upload-time = "2024-10-09T12:25:55.637Z" },
    { url = "https://files.pythonhosted.org/packages/84/83/cb941d4fd10e4696b2c0f6fb2e3056d9a296e5765b2000a69e29a507f819/cbor2-5.6.5-cp313-cp313-macosx_11_0_arm64.whl", hash = "sha256:61ceb77e6aa25c11c814d4fe8ec9e3bac0094a1f5bd8a2a8c95694596ea01e08", size = 67657, upload-time = "2024-10-09T12:25:56.528Z" },
    { url = "https://files.pythonhosted.org/packages/5c/3f/e16a1e29994483c751b714cdf61d2956290b0b30e94690fa714a9f155c5c/cbor2-5.6.5-cp313-cp313-manylinux_2_17_aarch64.manylinux2014_aarch64.whl", hash = "sha256:97a7e409b864fecf68b2ace8978eb5df1738799a333ec3ea2b9597bfcdd6d7d2", size = 275863, upload-time = "2024-10-09T12:25:57.462Z" },
    { url = "https://files.pythonhosted.org/packages/64/04/f64bda3eea649fe6644c59f13d0e1f4666d975ce305cadf13835233b2a26/cbor2-5.6.5-cp313-cp313-manylinux_2_17_x86_64.manylinux2014_x86_64.whl", hash = "sha256:7f6d69f38f7d788b04c09ef2b06747536624b452b3c8b371ab78ad43b0296fab", size = 269131, upload-time = "2024-10-09T12:25:59.635Z" },
    { url = "https://files.pythonhosted.org/packages/f4/8d/0d5ad3467f70578b032b3f52eb0f01f0327d5ae6b1f9e7d4d4e01a73aa95/cbor2-5.6.5-cp313-cp313-musllinux_1_2_aarch64.whl", hash = "sha256:f91e6d74fa6917df31f8757fdd0e154203b0dd0609ec53eb957016a2b474896a", size = 264728, upload-time = "2024-10-09T12:26:01.407Z" },
    { url = "https://files.pythonhosted.org/packages/77/cb/9b4f7890325eaa374c21fcccfee61a099ccb9ea0bc0f606acf7495f9568c/cbor2-5.6.5-cp313-cp313-musllinux_1_2_x86_64.whl", hash = "sha256:5ce13a27ef8fddf643fc17a753fe34aa72b251d03c23da6a560c005dc171085b", size = 266314, upload-time = "2024-10-09T12:26:02.451Z" },
    { url = "https://files.pythonhosted.org/packages/a8/cd/793dc041395609f5dd1edfdf0aecde504dc0fd35ed67eb3b2db79fb8ef4d/cbor2-5.6.5-cp313-cp313-win_amd64.whl", hash = "sha256:54c72a3207bb2d4480c2c39dad12d7971ce0853a99e3f9b8d559ce6eac84f66f", size = 66792, upload-time = "2024-10-09T12:26:03.615Z" },
    { url = "https://files.pythonhosted.org/packages/9b/ef/1c4698cac96d792005ef0611832f38eaee477c275ab4b02cbfc4daba7ad3/cbor2-5.6.5-py3-none-any.whl", hash = "sha256:3038523b8fc7de312bb9cdcbbbd599987e64307c4db357cd2030c472a6c7d468", size = 23752, upload-time = "2024-10-09T12:26:23.167Z" },
]

[[package]]
name = "colorama"
version = "0.4.6"
source = { registry = "https://pypi.org/simple" }
sdist = { url = "https://files.pythonhosted.org/packages/d8/53/6f443c9a4a8358a93a6792e2acffb9d9d5cb0a5cfd8802644b7b1c9a02e4/colorama-0.4.6.tar.gz", hash = "sha256:08695f5cb7ed6e0531a20572697297273c47b8cae5a63ffc6d6ed5c201be6e44", size = 27697, upload-time = "2022-10-25T02:36:22.414Z" }
wheels = [
    { url = "https://files.pythonhosted.org/packages/d1/d6/3965ed04c63042e047cb6a3e6ed1a63a35087b6a609aa3a15ed8ac56c221/colorama-0.4.6-py2.py3-none-any.whl", hash = "sha256:4f1d9991f5acc0ca119f9d443620b77f9d6b33703e51011c16baf57afb285fc6", size = 25335, upload-time = "2022-10-25T02:36:20.889Z" },
]

[[package]]
name = "grpcio"
version = "1.71.0"
source = { registry = "https://pypi.org/simple" }
sdist = { url = "https://files.pythonhosted.org/packages/1c/95/aa11fc09a85d91fbc7dd405dcb2a1e0256989d67bf89fa65ae24b3ba105a/grpcio-1.71.0.tar.gz", hash = "sha256:2b85f7820475ad3edec209d3d89a7909ada16caab05d3f2e08a7e8ae3200a55c", size = 12549828, upload-time = "2025-03-10T19:28:49.203Z" }
wheels = [
    { url = "https://files.pythonhosted.org/packages/4c/83/bd4b6a9ba07825bd19c711d8b25874cd5de72c2a3fbf635c3c344ae65bd2/grpcio-1.71.0-cp312-cp312-linux_armv7l.whl", hash = "sha256:0ff35c8d807c1c7531d3002be03221ff9ae15712b53ab46e2a0b4bb271f38537", size = 5184101, upload-time = "2025-03-10T19:24:54.11Z" },
    { url = "https://files.pythonhosted.org/packages/31/ea/2e0d90c0853568bf714693447f5c73272ea95ee8dad107807fde740e595d/grpcio-1.71.0-cp312-cp312-macosx_10_14_universal2.whl", hash = "sha256:b78a99cd1ece4be92ab7c07765a0b038194ded2e0a26fd654591ee136088d8d7", size = 11310927, upload-time = "2025-03-10T19:24:56.1Z" },
    { url = "https://files.pythonhosted.org/packages/ac/bc/07a3fd8af80467390af491d7dc66882db43884128cdb3cc8524915e0023c/grpcio-1.71.0-cp312-cp312-manylinux_2_17_aarch64.whl", hash = "sha256:dc1a1231ed23caac1de9f943d031f1bc38d0f69d2a3b243ea0d664fc1fbd7fec", size = 5654280, upload-time = "2025-03-10T19:24:58.55Z" },
    { url = "https://files.pythonhosted.org/packages/16/af/21f22ea3eed3d0538b6ef7889fce1878a8ba4164497f9e07385733391e2b/grpcio-1.71.0-cp312-cp312-manylinux_2_17_i686.manylinux2014_i686.whl", hash = "sha256:e6beeea5566092c5e3c4896c6d1d307fb46b1d4bdf3e70c8340b190a69198594", size = 6312051, upload-time = "2025-03-10T19:25:00.682Z" },
    { url = "https://files.pythonhosted.org/packages/49/9d/e12ddc726dc8bd1aa6cba67c85ce42a12ba5b9dd75d5042214a59ccf28ce/grpcio-1.71.0-cp312-cp312-manylinux_2_17_x86_64.manylinux2014_x86_64.whl", hash = "sha256:d5170929109450a2c031cfe87d6716f2fae39695ad5335d9106ae88cc32dc84c", size = 5910666, upload-time = "2025-03-10T19:25:03.01Z" },
    { url = "https://files.pythonhosted.org/packages/d9/e9/38713d6d67aedef738b815763c25f092e0454dc58e77b1d2a51c9d5b3325/grpcio-1.71.0-cp312-cp312-musllinux_1_1_aarch64.whl", hash = "sha256:5b08d03ace7aca7b2fadd4baf291139b4a5f058805a8327bfe9aece7253b6d67", size = 6012019, upload-time = "2025-03-10T19:25:05.174Z" },
    { url = "https://files.pythonhosted.org/packages/80/da/4813cd7adbae6467724fa46c952d7aeac5e82e550b1c62ed2aeb78d444ae/grpcio-1.71.0-cp312-cp312-musllinux_1_1_i686.whl", hash = "sha256:f903017db76bf9cc2b2d8bdd37bf04b505bbccad6be8a81e1542206875d0e9db", size = 6637043, upload-time = "2025-03-10T19:25:06.987Z" },
    { url = "https://files.pythonhosted.org/packages/52/ca/c0d767082e39dccb7985c73ab4cf1d23ce8613387149e9978c70c3bf3b07/grpcio-1.71.0-cp312-cp312-musllinux_1_1_x86_64.whl", hash = "sha256:469f42a0b410883185eab4689060a20488a1a0a00f8bbb3cbc1061197b4c5a79", size = 6186143, upload-time = "2025-03-10T19:25:08.877Z" },
    { url = "https://files.pythonhosted.org/packages/00/61/7b2c8ec13303f8fe36832c13d91ad4d4ba57204b1c723ada709c346b2271/grpcio-1.71.0-cp312-cp312-win32.whl", hash = "sha256:ad9f30838550695b5eb302add33f21f7301b882937460dd24f24b3cc5a95067a", size = 3604083, upload-time = "2025-03-10T19:25:10.736Z" },
    { url = "https://files.pythonhosted.org/packages/fd/7c/1e429c5fb26122055d10ff9a1d754790fb067d83c633ff69eddcf8e3614b/grpcio-1.71.0-cp312-cp312-win_amd64.whl", hash = "sha256:652350609332de6dac4ece254e5d7e1ff834e203d6afb769601f286886f6f3a8", size = 4272191, upload-time = "2025-03-10T19:25:13.12Z" },
    { url = "https://files.pythonhosted.org/packages/04/dd/b00cbb45400d06b26126dcfdbdb34bb6c4f28c3ebbd7aea8228679103ef6/grpcio-1.71.0-cp313-cp313-linux_armv7l.whl", hash = "sha256:cebc1b34ba40a312ab480ccdb396ff3c529377a2fce72c45a741f7215bfe8379", size = 5184138, upload-time = "2025-03-10T19:25:15.101Z" },
    { url = "https://files.pythonhosted.org/packages/ed/0a/4651215983d590ef53aac40ba0e29dda941a02b097892c44fa3357e706e5/grpcio-1.71.0-cp313-cp313-macosx_10_14_universal2.whl", hash = "sha256:85da336e3649a3d2171e82f696b5cad2c6231fdd5bad52616476235681bee5b3", size = 11310747, upload-time = "2025-03-10T19:25:17.201Z" },
    { url = "https://files.pythonhosted.org/packages/57/a3/149615b247f321e13f60aa512d3509d4215173bdb982c9098d78484de216/grpcio-1.71.0-cp313-cp313-manylinux_2_17_aarch64.whl", hash = "sha256:f9a412f55bb6e8f3bb000e020dbc1e709627dcb3a56f6431fa7076b4c1aab0db", size = 5653991, upload-time = "2025-03-10T19:25:20.39Z" },
    { url = "https://files.pythonhosted.org/packages/ca/56/29432a3e8d951b5e4e520a40cd93bebaa824a14033ea8e65b0ece1da6167/grpcio-1.71.0-cp313-cp313-manylinux_2_17_i686.manylinux2014_i686.whl", hash = "sha256:47be9584729534660416f6d2a3108aaeac1122f6b5bdbf9fd823e11fe6fbaa29", size = 6312781, upload-time = "2025-03-10T19:25:22.823Z" },
    { url = "https://files.pythonhosted.org/packages/a3/f8/286e81a62964ceb6ac10b10925261d4871a762d2a763fbf354115f9afc98/grpcio-1.71.0-cp313-cp313-manylinux_2_17_x86_64.manylinux2014_x86_64.whl", hash = "sha256:7c9c80ac6091c916db81131d50926a93ab162a7e97e4428ffc186b6e80d6dda4", size = 5910479, upload-time = "2025-03-10T19:25:24.828Z" },
    { url = "https://files.pythonhosted.org/packages/35/67/d1febb49ec0f599b9e6d4d0d44c2d4afdbed9c3e80deb7587ec788fcf252/grpcio-1.71.0-cp313-cp313-musllinux_1_1_aarch64.whl", hash = "sha256:789d5e2a3a15419374b7b45cd680b1e83bbc1e52b9086e49308e2c0b5bbae6e3", size = 6013262, upload-time = "2025-03-10T19:25:26.987Z" },
    { url = "https://files.pythonhosted.org/packages/a1/04/f9ceda11755f0104a075ad7163fc0d96e2e3a9fe25ef38adfc74c5790daf/grpcio-1.71.0-cp313-cp313-musllinux_1_1_i686.whl", hash = "sha256:1be857615e26a86d7363e8a163fade914595c81fec962b3d514a4b1e8760467b", size = 6643356, upload-time = "2025-03-10T19:25:29.606Z" },
    { url = "https://files.pythonhosted.org/packages/fb/ce/236dbc3dc77cf9a9242adcf1f62538734ad64727fabf39e1346ad4bd5c75/grpcio-1.71.0-cp313-cp313-musllinux_1_1_x86_64.whl", hash = "sha256:a76d39b5fafd79ed604c4be0a869ec3581a172a707e2a8d7a4858cb05a5a7637", size = 6186564, upload-time = "2025-03-10T19:25:31.537Z" },
    { url = "https://files.pythonhosted.org/packages/10/fd/b3348fce9dd4280e221f513dd54024e765b21c348bc475516672da4218e9/grpcio-1.71.0-cp313-cp313-win32.whl", hash = "sha256:74258dce215cb1995083daa17b379a1a5a87d275387b7ffe137f1d5131e2cfbb", size = 3601890, upload-time = "2025-03-10T19:25:33.421Z" },
    { url = "https://files.pythonhosted.org/packages/be/f8/db5d5f3fc7e296166286c2a397836b8b042f7ad1e11028d82b061701f0f7/grpcio-1.71.0-cp313-cp313-win_amd64.whl", hash = "sha256:22c3bc8d488c039a199f7a003a38cb7635db6656fa96437a8accde8322ce2366", size = 4273308, upload-time = "2025-03-10T19:25:35.79Z" },
]

[[package]]
name = "grpcio-tools"
version = "1.71.0"
source = { registry = "https://pypi.org/simple" }
dependencies = [
    { name = "grpcio" },
    { name = "protobuf" },
    { name = "setuptools" },
]
sdist = { url = "https://files.pythonhosted.org/packages/05/d2/c0866a48c355a6a4daa1f7e27e210c7fa561b1f3b7c0bce2671e89cfa31e/grpcio_tools-1.71.0.tar.gz", hash = "sha256:38dba8e0d5e0fb23a034e09644fdc6ed862be2371887eee54901999e8f6792a8", size = 5326008, upload-time = "2025-03-10T19:29:03.38Z" }
wheels = [
    { url = "https://files.pythonhosted.org/packages/de/e4/156956b92ad0298290c3d68e6670bc5a6fbefcccfe1ec3997480605e7135/grpcio_tools-1.71.0-cp312-cp312-linux_armv7l.whl", hash = "sha256:61c0409d5bdac57a7bd0ce0ab01c1c916728fe4c8a03d77a25135ad481eb505c", size = 2385480, upload-time = "2025-03-10T19:27:46.425Z" },
    { url = "https://files.pythonhosted.org/packages/c1/08/9930eb4bb38c5214041c9f24f8b35e9864a7938282db986836546c782d52/grpcio_tools-1.71.0-cp312-cp312-macosx_10_14_universal2.whl", hash = "sha256:28784f39921d061d2164a9dcda5164a69d07bf29f91f0ea50b505958292312c9", size = 5951891, upload-time = "2025-03-10T19:27:48.219Z" },
    { url = "https://files.pythonhosted.org/packages/73/65/931f29ec9c33719d48e1e30446ecce6f5d2cd4e4934fa73fbe07de41c43b/grpcio_tools-1.71.0-cp312-cp312-manylinux_2_17_aarch64.whl", hash = "sha256:192808cf553cedca73f0479cc61d5684ad61f24db7a5f3c4dfe1500342425866", size = 2351967, upload-time = "2025-03-10T19:27:50.09Z" },
    { url = "https://files.pythonhosted.org/packages/b8/26/2ec8748534406214f20a4809c36efcfa88d1a26246e8312102e3ef8c295d/grpcio_tools-1.71.0-cp312-cp312-manylinux_2_17_i686.manylinux2014_i686.whl", hash = "sha256:989ee9da61098230d3d4c8f8f8e27c2de796f1ff21b1c90110e636d9acd9432b", size = 2745003, upload-time = "2025-03-10T19:27:52.333Z" },
    { url = "https://files.pythonhosted.org/packages/f1/33/87b4610c86a4e10ee446b543a4d536f94ab04f828bab841f0bc1a083de72/grpcio_tools-1.71.0-cp312-cp312-manylinux_2_17_x86_64.manylinux2014_x86_64.whl", hash = "sha256:541a756276c8a55dec991f6c0106ae20c8c8f5ce8d0bdbfcb01e2338d1a8192b", size = 2476455, upload-time = "2025-03-10T19:27:54.493Z" },
    { url = "https://files.pythonhosted.org/packages/00/7c/f7f0cc36a43be9d45b3ce2a55245f3c7d063a24b7930dd719929e58871a4/grpcio_tools-1.71.0-cp312-cp312-musllinux_1_1_aarch64.whl", hash = "sha256:870c0097700d13c403e5517cb7750ab5b4a791ce3e71791c411a38c5468b64bd", size = 2854333, upload-time = "2025-03-10T19:27:56.693Z" },
    { url = "https://files.pythonhosted.org/packages/07/c4/34b9ea62b173c13fa7accba5f219355b320c05c80c79c3ba70fe52f47b2f/grpcio_tools-1.71.0-cp312-cp312-musllinux_1_1_i686.whl", hash = "sha256:abd57f615e88bf93c3c6fd31f923106e3beb12f8cd2df95b0d256fa07a7a0a57", size = 3304297, upload-time = "2025-03-10T19:27:58.437Z" },
    { url = "https://files.pythonhosted.org/packages/5c/ef/9d3449db8a07688dc3de7dcbd2a07048a128610b1a491c5c0cb3e90a00c5/grpcio_tools-1.71.0-cp312-cp312-musllinux_1_1_x86_64.whl", hash = "sha256:753270e2d06d37e6d7af8967d1d059ec635ad215882041a36294f4e2fd502b2e", size = 2916212, upload-time = "2025-03-10T19:28:00.208Z" },
    { url = "https://files.pythonhosted.org/packages/2e/c6/990e8194c934dfe7cf89ef307c319fa4f2bc0b78aeca707addbfa1e502f1/grpcio_tools-1.71.0-cp312-cp312-win32.whl", hash = "sha256:0e647794bd7138b8c215e86277a9711a95cf6a03ff6f9e555d54fdf7378b9f9d", size = 948849, upload-time = "2025-03-10T19:28:01.81Z" },
    { url = "https://files.pythonhosted.org/packages/42/95/3c36d3205e6bd19853cc2420e44b6ef302eb4cfcf56498973c7e85f6c03b/grpcio_tools-1.71.0-cp312-cp312-win_amd64.whl", hash = "sha256:48debc879570972d28bfe98e4970eff25bb26da3f383e0e49829b2d2cd35ad87", size = 1120294, upload-time = "2025-03-10T19:28:03.517Z" },
    { url = "https://files.pythonhosted.org/packages/84/a7/70dc7e9957bcbaccd4dcb6cc11215e0b918f546d55599221522fe0d073e0/grpcio_tools-1.71.0-cp313-cp313-linux_armv7l.whl", hash = "sha256:9a78d07d6c301a25ef5ede962920a522556a1dfee1ccc05795994ceb867f766c", size = 2384758, upload-time = "2025-03-10T19:28:05.327Z" },
    { url = "https://files.pythonhosted.org/packages/65/79/57320b28d0a0c5ec94095fd571a65292f8ed7e1c47e59ae4021e8a48d49b/grpcio_tools-1.71.0-cp313-cp313-macosx_10_14_universal2.whl", hash = "sha256:580ac88141c9815557e63c9c04f5b1cdb19b4db8d0cb792b573354bde1ee8b12", size = 5951661, upload-time = "2025-03-10T19:28:07.879Z" },
    { url = "https://files.pythonhosted.org/packages/80/3d/343df5ed7c5dd66fc7a19e4ef3e97ccc4f5d802122b04cd6492f0dcd79f5/grpcio_tools-1.71.0-cp313-cp313-manylinux_2_17_aarch64.whl", hash = "sha256:f7c678e68ece0ae908ecae1c4314a0c2c7f83e26e281738b9609860cc2c82d96", size = 2351571, upload-time = "2025-03-10T19:28:09.909Z" },
    { url = "https://files.pythonhosted.org/packages/56/2f/b9736e8c84e880c4237f5b880c6c799b4977c5cde190999bc7ab4b2ec445/grpcio_tools-1.71.0-cp313-cp313-manylinux_2_17_i686.manylinux2014_i686.whl", hash = "sha256:56ecd6cc89b5e5eed1de5eb9cafce86c9c9043ee3840888cc464d16200290b53", size = 2744580, upload-time = "2025-03-10T19:28:11.866Z" },
    { url = "https://files.pythonhosted.org/packages/76/9b/bdb384967353da7bf64bac4232f4cf8ae43f19d0f2f640978d4d4197e667/grpcio_tools-1.71.0-cp313-cp313-manylinux_2_17_x86_64.manylinux2014_x86_64.whl", hash = "sha256:e52a041afc20ab2431d756b6295d727bd7adee813b21b06a3483f4a7a15ea15f", size = 2475978, upload-time = "2025-03-10T19:28:14.236Z" },
    { url = "https://files.pythonhosted.org/packages/26/71/1411487fd7862d347b98fda5e3beef611a71b2ac2faac62a965d9e2536b3/grpcio_tools-1.71.0-cp313-cp313-musllinux_1_1_aarch64.whl", hash = "sha256:2a1712f12102b60c8d92779b89d0504e0d6f3a59f2b933e5622b8583f5c02992", size = 2853314, upload-time = "2025-03-10T19:28:16.085Z" },
    { url = "https://files.pythonhosted.org/packages/03/06/59d0523eb1ba2f64edc72cb150152fa1b2e77061cae3ef3ecd3ef2a87f51/grpcio_tools-1.71.0-cp313-cp313-musllinux_1_1_i686.whl", hash = "sha256:41878cb7a75477e62fdd45e7e9155b3af1b7a5332844021e2511deaf99ac9e6c", size = 3303981, upload-time = "2025-03-10T19:28:18.129Z" },
    { url = "https://files.pythonhosted.org/packages/c2/71/fb9fb49f2b738ec1dfbbc8cdce0b26e5f9c5fc0edef72e453580620d6a36/grpcio_tools-1.71.0-cp313-cp313-musllinux_1_1_x86_64.whl", hash = "sha256:682e958b476049ccc14c71bedf3f979bced01f6e0c04852efc5887841a32ad6b", size = 2915876, upload-time = "2025-03-10T19:28:20.045Z" },
    { url = "https://files.pythonhosted.org/packages/bd/0f/0d49f6fe6fa2d09e9820dd9eeb30437e86002303076be2b6ada0fb52b8f2/grpcio_tools-1.71.0-cp313-cp313-win32.whl", hash = "sha256:0ccfb837152b7b858b9f26bb110b3ae8c46675d56130f6c2f03605c4f129be13", size = 948245, upload-time = "2025-03-10T19:28:21.876Z" },
    { url = "https://files.pythonhosted.org/packages/bb/14/ab131a39187bfea950280b2277a82d2033469fe8c86f73b10b19f53cc5ca/grpcio_tools-1.71.0-cp313-cp313-win_amd64.whl", hash = "sha256:ffff9bc5eacb34dd26b487194f7d44a3e64e752fc2cf049d798021bf25053b87", size = 1119649, upload-time = "2025-03-10T19:28:23.679Z" },
]

[[package]]
name = "iniconfig"
version = "2.3.0"
source = { registry = "https://pypi.org/simple" }
sdist = { url = "https://files.pythonhosted.org/packages/72/34/14ca021ce8e5dfedc35312d08ba8bf51fdd999c576889fc2c24cb97f4f10/iniconfig-2.3.0.tar.gz", hash = "sha256:c76315c77db068650d49c5b56314774a7804df16fee4402c1f19d6d15d8c4730", size = 20503, upload-time = "2025-10-18T21:55:43.219Z" }
wheels = [
    { url = "https://files.pythonhosted.org/packages/cb/b1/3846dd7f199d53cb17f49cba7e651e9ce294d8497c8c150530ed11865bb8/iniconfig-2.3.0-py3-none-any.whl", hash = "sha256:f631c04d2c48c52b84d0d0549c99ff3859c98df65b3101406327ecc7d53fbf12", size = 7484, upload-time = "2025-10-18T21:55:41.639Z" },
]

[[package]]
name = "maturin"
version = "1.8.2"
source = { registry = "https://pypi.org/simple" }
sdist = { url = "https://files.pythonhosted.org/packages/e0/8f/6978427ce3f72b189012e1731d1d2d27b3151caa741666c905320e0a3662/maturin-1.8.2.tar.gz", hash = "sha256:e31abc70f6f93285d6e63d2f4459c079c94c259dd757370482d2d4ceb9ec1fa0", size = 199276, upload-time = "2025-02-05T13:53:40.196Z" }
wheels = [
    { url = "https://files.pythonhosted.org/packages/67/7a/8fbcaf8f29e583567b21512aa56012fbe5f3e4293ae18a768f4106d584d5/maturin-1.8.2-py3-none-linux_armv6l.whl", hash = "sha256:174cb81c573c4a74be96b4e4469ac84e543cff75850fe2728a8eebb5f4d7b613", size = 7676631, upload-time = "2025-02-05T13:53:01.729Z" },
    { url = "https://files.pythonhosted.org/packages/c8/88/e17f71a34d4c99558e33c2c3de2c53c4ec01e3fa1c931ba0a8cdc805ebc5/maturin-1.8.2-py3-none-macosx_10_12_x86_64.macosx_11_0_arm64.macosx_10_12_universal2.whl", hash = "sha256:63ff7f612da90a26838a9c03aa8a80bab8b4e26f63e3df6ddb0e818394eb0aeb", size = 15126750, upload-time = "2025-02-05T13:53:06.221Z" },
    { url = "https://files.pythonhosted.org/packages/cb/fa/aab9005b0edaeb04a47cc47b07fa4afa25484d2f72217b276e2a446b795f/maturin-1.8.2-py3-none-macosx_10_12_x86_64.whl", hash = "sha256:c91504b4f05b07d0a9fb47c2a2a39c074328b6bc8f252190240e431f5f7ea8d7", size = 7885398, upload-time = "2025-02-05T13:53:10.309Z" },
    { url = "https://files.pythonhosted.org/packages/24/59/0f12db41e683d82a48f92ac5499c89faa416036b3c3a7379b71aa1ce0ccb/maturin-1.8.2-py3-none-manylinux_2_12_i686.manylinux2010_i686.musllinux_1_1_i686.whl", hash = "sha256:05e3a2aa9611afa5e1205dfa1434607f9d8e223d613a8a7c85540a159af688c0", size = 7754886, upload-time = "2025-02-05T13:53:12.753Z" },
    { url = "https://files.pythonhosted.org/packages/03/94/b9cb42cb5706389692b24f4691645e0b980708e46c9f008e89f4bb92a497/maturin-1.8.2-py3-none-manylinux_2_12_x86_64.manylinux2010_x86_64.musllinux_1_1_x86_64.whl", hash = "sha256:b408093e49d6d4ab98066eefd0fac64b01eb7af639e9b3151660c5fa96ce147c", size = 8226047, upload-time = "2025-02-05T13:53:15.739Z" },
    { url = "https://files.pythonhosted.org/packages/1e/38/63c8198a626407b1cefa37670f9d995616249f541ed9616252895bb2710b/maturin-1.8.2-py3-none-manylinux_2_17_aarch64.manylinux2014_aarch64.musllinux_1_1_aarch64.whl", hash = "sha256:638c66616f9b10060197c48d9e1eedf444d975699d9cd829138e69014554cda7", size = 7485993, upload-time = "2025-02-05T13:53:20.286Z" },
    { url = "https://files.pythonhosted.org/packages/d3/f3/8d7308902ab190a71c80bda92f3b72d446067fdf40a4c29d5de8e379f598/maturin-1.8.2-py3-none-manylinux_2_17_armv7l.manylinux2014_armv7l.musllinux_1_1_armv7l.whl", hash = "sha256:c2001b5c57e0dbf5992be56b93ffa897d4bcd0d6ca3de448e381b621225d4d87", size = 7570380, upload-time = "2025-02-05T13:53:22.631Z" },
    { url = "https://files.pythonhosted.org/packages/06/49/5458df84167506023b934b71488e75aa4a2f9af005f5659d9915adedca55/maturin-1.8.2-py3-none-manylinux_2_17_ppc64le.manylinux2014_ppc64le.musllinux_1_1_ppc64le.whl", hash = "sha256:e015a5534aefb568b96a9cc7bc58995b1d90b5e2a44455d79e4f073a88cb0c83", size = 9811532, upload-time = "2025-02-05T13:53:24.925Z" },
    { url = "https://files.pythonhosted.org/packages/d9/52/deb373d1a046287e6f77146204524adbf70184c5510ed95aab882570c69d/maturin-1.8.2-py3-none-manylinux_2_17_s390x.manylinux2014_s390x.whl", hash = "sha256:5e624f73cb7fbfd8042e8c5cc5c11f58bede23a7931ea3ea9839812f5bd362fc", size = 10910211, upload-time = "2025-02-05T13:53:28.161Z" },
    { url = "https://files.pythonhosted.org/packages/da/b8/f0475031de5f5328c8b2bbb9b50503a6b0a58b3c5cbe50a656c418ca7435/maturin-1.8.2-py3-none-win32.whl", hash = "sha256:4a62268975f98885a04ae9f0df875b304e4f8c1f0d989e8a7ab18e42793126ee", size = 6980868, upload-time = "2025-02-05T13:53:33.571Z" },
    { url = "https://files.pythonhosted.org/packages/a2/f3/a67264d4ae3bf61a73abf616eba59543e0c8d182a77230703380f1858494/maturin-1.8.2-py3-none-win_amd64.whl", hash = "sha256:b6b29811013056f46a1e0b7f26907ae080028be65102d4fb23fbdf86847fffbd", size = 7886565, upload-time = "2025-02-05T13:53:36.437Z" },
    { url = "https://files.pythonhosted.org/packages/5e/df/3641646696277249407c923795825176403c208a6553e0fd21b6764038b5/maturin-1.8.2-py3-none-win_arm64.whl", hash = "sha256:4232c2380faf61862d27269c6acf14e1d542c4ba64086a3f5c356d6e5e4823e7", size = 6656754, upload-time = "2025-02-05T13:53:38.625Z" },
]

[[package]]
name = "packaging"
version = "26.0"
source = { registry = "https://pypi.org/simple" }
sdist = { url = "https://files.pythonhosted.org/packages/65/ee/299d360cdc32edc7d2cf530f3accf79c4fca01e96ffc950d8a52213bd8e4/packaging-26.0.tar.gz", hash = "sha256:00243ae351a257117b6a241061796684b084ed1c516a08c48a3f7e147a9d80b4", size = 143416, upload-time = "2026-01-21T20:50:39.064Z" }
wheels = [
    { url = "https://files.pythonhosted.org/packages/b7/b9/c538f279a4e237a006a2c98387d081e9eb060d203d8ed34467cc0f0b9b53/packaging-26.0-py3-none-any.whl", hash = "sha256:b36f1fef9334a5588b4166f8bcd26a14e521f2b55e6b9de3aaa80d3ff7a37529", size = 74366, upload-time = "2026-01-21T20:50:37.788Z" },
]

[[package]]
name = "pluggy"
version = "1.6.0"
source = { registry = "https://pypi.org/simple" }
sdist = { url = "https://files.pythonhosted.org/packages/f9/e2/3e91f31a7d2b083fe6ef3fa267035b518369d9511ffab804f839851d2779/pluggy-1.6.0.tar.gz", hash = "sha256:7dcc130b76258d33b90f61b658791dede3486c3e6bfb003ee5c9bfb396dd22f3", size = 69412, upload-time = "2025-05-15T12:30:07.975Z" }
wheels = [
    { url = "https://files.pythonhosted.org/packages/54/20/4d324d65cc6d9205fabedc306948156824eb9f0ee1633355a8f7ec5c66bf/pluggy-1.6.0-py3-none-any.whl", hash = "sha256:e920276dd6813095e9377c0bc5566d94c932c33b27a3e3945d8389c374dd4746", size = 20538, upload-time = "2025-05-15T12:30:06.134Z" },
]

[[package]]
name = "pose-filecoin-pose"
version = "0.1.0"
source = { editable = "." }
dependencies = [
    { name = "cbor2" },
    { name = "pyyaml" },
]

[package.optional-dependencies]
dev = [
    { name = "grpcio" },
    { name = "grpcio-tools" },
    { name = "maturin" },
    { name = "protobuf" },
    { name = "pytest" },
    { name = "ruff" },
]

[package.metadata]
requires-dist = [
    { name = "cbor2", specifier = "==5.6.5" },
    { name = "grpcio", marker = "extra == 'dev'", specifier = "==1.71.0" },
    { name = "grpcio-tools", marker = "extra == 'dev'", specifier = "==1.71.0" },
    { name = "maturin", marker = "extra == 'dev'", specifier = "==1.8.2" },
    { name = "protobuf", marker = "extra == 'dev'", specifier = "==5.29.4" },
    { name = "pytest", marker = "extra == 'dev'", specifier = "==8.3.5" },
    { name = "pyyaml", specifier = "==6.0.2" },
    { name = "ruff", marker = "extra == 'dev'", specifier = "==0.11.0" },
]
provides-extras = ["dev"]

[[package]]
name = "protobuf"
version = "5.29.4"
source = { registry = "https://pypi.org/simple" }
sdist = { url = "https://files.pythonhosted.org/packages/17/7d/b9dca7365f0e2c4fa7c193ff795427cfa6290147e5185ab11ece280a18e7/protobuf-5.29.4.tar.gz", hash = "sha256:4f1dfcd7997b31ef8f53ec82781ff434a28bf71d9102ddde14d076adcfc78c99", size = 424902, upload-time = "2025-03-19T21:23:24.25Z" }
wheels = [
    { url = "https://files.pythonhosted.org/packages/9a/b2/043a1a1a20edd134563699b0e91862726a0dc9146c090743b6c44d798e75/protobuf-5.29.4-cp310-abi3-win32.whl", hash = "sha256:13eb236f8eb9ec34e63fc8b1d6efd2777d062fa6aaa68268fb67cf77f6839ad7", size = 422709, upload-time = "2025-03-19T21:23:08.293Z" },
    { url = "https://files.pythonhosted.org/packages/79/fc/2474b59570daa818de6124c0a15741ee3e5d6302e9d6ce0bdfd12e98119f/protobuf-5.29.4-cp310-abi3-win_amd64.whl", hash = "sha256:bcefcdf3976233f8a502d265eb65ea740c989bacc6c30a58290ed0e519eb4b8d", size = 434506, upload-time = "2025-03-19T21:23:11.253Z" },
    { url = "https://files.pythonhosted.org/packages/46/de/7c126bbb06aa0f8a7b38aaf8bd746c514d70e6a2a3f6dd460b3b7aad7aae/protobuf-5.29.4-cp38-abi3-macosx_10_9_universal2.whl", hash = "sha256:307ecba1d852ec237e9ba668e087326a67564ef83e45a0189a772ede9e854dd0", size = 417826, upload-time = "2025-03-19T21:23:13.132Z" },
    { url = "https://files.pythonhosted.org/packages/a2/b5/bade14ae31ba871a139aa45e7a8183d869efe87c34a4850c87b936963261/protobuf-5.29.4-cp38-abi3-manylinux2014_aarch64.whl", hash = "sha256:aec4962f9ea93c431d5714ed1be1c93f13e1a8618e70035ba2b0564d9e633f2e", size = 319574, upload-time = "2025-03-19T21:23:14.531Z" },
    { url = "https://files.pythonhosted.org/packages/46/88/b01ed2291aae68b708f7d334288ad5fb3e7aa769a9c309c91a0d55cb91b0/protobuf-5.29.4-cp38-abi3-manylinux2014_x86_64.whl", hash = "sha256:d7d3f7d1d5a66ed4942d4fefb12ac4b14a29028b209d4bfb25c68ae172059922", size = 319672, upload-time = "2025-03-19T21:23:15.839Z" },
    { url = "https://files.pythonhosted.org/packages/12/fb/a586e0c973c95502e054ac5f81f88394f24ccc7982dac19c515acd9e2c93/protobuf-5.29.4-py3-none-any.whl", hash = "sha256:3fde11b505e1597f71b875ef2fc52062b6a9740e5f7c8997ce878b6009145862", size = 172551, upload-time = "2025-03-19T21:23:22.682Z" },
]

[[package]]
name = "pytest"
version = "8.3.5"
source = { registry = "https://pypi.org/simple" }
dependencies = [
    { name = "colorama", marker = "sys_platform == 'win32'" },
    { name = "iniconfig" },
    { name = "packaging" },
    { name = "pluggy" },
]
sdist = { url = "https://files.pythonhosted.org/packages/ae/3c/c9d525a414d506893f0cd8a8d0de7706446213181570cdbd766691164e40/pytest-8.3.5.tar.gz", hash = "sha256:f4efe70cc14e511565ac476b57c279e12a855b11f48f212af1080ef2263d3845", size = 1450891, upload-time = "2025-03-02T12:54:54.503Z" }
wheels = [
    { url = "https://files.pythonhosted.org/packages/30/3d/64ad57c803f1fa1e963a7946b6e0fea4a70df53c1a7fed304586539c2bac/pytest-8.3.5-py3-none-any.whl", hash = "sha256:c69214aa47deac29fad6c2a4f590b9c4a9fdb16a403176fe154b79c0b4d4d820", size = 343634, upload-time = "2025-03-02T12:54:52.069Z" },
]

[[package]]
name = "pyyaml"
version = "6.0.2"
source = { registry = "https://pypi.org/simple" }
sdist = { url = "https://files.pythonhosted.org/packages/54/ed/79a089b6be93607fa5cdaedf301d7dfb23af5f25c398d5ead2525b063e17/pyyaml-6.0.2.tar.gz", hash = "sha256:d584d9ec91ad65861cc08d42e834324ef890a082e591037abe114850ff7bbc3e", size = 130631, upload-time = "2024-08-06T20:33:50.674Z" }
wheels = [
    { url = "https://files.pythonhosted.org/packages/86/0c/c581167fc46d6d6d7ddcfb8c843a4de25bdd27e4466938109ca68492292c/PyYAML-6.0.2-cp312-cp312-macosx_10_9_x86_64.whl", hash = "sha256:c70c95198c015b85feafc136515252a261a84561b7b1d51e3384e0655ddf25ab", size = 183873, upload-time = "2024-08-06T20:32:25.131Z" },
    { url = "https://files.pythonhosted.org/packages/a8/0c/38374f5bb272c051e2a69281d71cba6fdb983413e6758b84482905e29a5d/PyYAML-6.0.2-cp312-cp312-macosx_11_0_arm64.whl", hash = "sha256:ce826d6ef20b1bc864f0a68340c8b3287705cae2f8b4b1d932177dcc76721725", size = 173302, upload-time = "2024-08-06T20:32:26.511Z" },
    { url = "https://files.pythonhosted.org/packages/c3/93/9916574aa8c00aa06bbac729972eb1071d002b8e158bd0e83a3b9a20a1f7/PyYAML-6.0.2-cp312-cp312-manylinux_2_17_aarch64.manylinux2014_aarch64.whl", hash = "sha256:1f71ea527786de97d1a0cc0eacd1defc0985dcf6b3f17bb77dcfc8c34bec4dc5", size = 739154, upload-time = "2024-08-06T20:32:28.363Z" },
    { url = "https://files.pythonhosted.org/packages/95/0f/b8938f1cbd09739c6da569d172531567dbcc9789e0029aa070856f123984/PyYAML-6.0.2-cp312-cp312-manylinux_2_17_s390x.manylinux2014_s390x.whl", hash = "sha256:9b22676e8097e9e22e36d6b7bda33190d0d400f345f23d4065d48f4ca7ae0425", size = 766223, upload-time = "2024-08-06T20:32:30.058Z" },
    { url = "https://files.pythonhosted.org/packages/b9/2b/614b4752f2e127db5cc206abc23a8c19678e92b23c3db30fc86ab731d3bd/PyYAML-6.0.2-cp312-cp312-manylinux_2_17_x86_64.manylinux2014_x86_64.whl", hash = "sha256:80bab7bfc629882493af4aa31a4cfa43a4c57c83813253626916b8c7ada83476", size = 767542, upload-time = "2024-08-06T20:32:31.881Z" },
    { url = "https://files.pythonhosted.org/packages/d4/00/dd137d5bcc7efea1836d6264f049359861cf548469d18da90cd8216cf05f/PyYAML-6.0.2-cp312-cp312-musllinux_1_1_aarch64.whl", hash = "sha256:0833f8694549e586547b576dcfaba4a6b55b9e96098b36cdc7ebefe667dfed48", size = 731164, upload-time = "2024-08-06T20:32:37.083Z" },
    { url = "https://files.pythonhosted.org/packages/c9/1f/4f998c900485e5c0ef43838363ba4a9723ac0ad73a9dc42068b12aaba4e4/PyYAML-6.0.2-cp312-cp312-musllinux_1_1_x86_64.whl", hash = "sha256:8b9c7197f7cb2738065c481a0461e50ad02f18c78cd75775628afb4d7137fb3b", size = 756611, upload-time = "2024-08-06T20:32:38.898Z" },
    { url = "https://files.pythonhosted.org/packages/df/d1/f5a275fdb252768b7a11ec63585bc38d0e87c9e05668a139fea92b80634c/PyYAML-6.0.2-cp312-cp312-win32.whl", hash = "sha256:ef6107725bd54b262d6dedcc2af448a266975032bc85ef0172c5f059da6325b4", size = 140591, upload-time = "2024-08-06T20:32:40.241Z" },
    { url = "https://files.pythonhosted.org/packages/0c/e8/4f648c598b17c3d06e8753d7d13d57542b30d56e6c2dedf9c331ae56312e/PyYAML-6.0.2-cp312-cp312-win_amd64.whl", hash = "sha256:7e7401d0de89a9a855c839bc697c079a4af81cf878373abd7dc625847d25cbd8", size = 156338, upload-time = "2024-08-06T20:32:41.93Z" },
    { url = "https://files.pythonhosted.org/packages/ef/e3/3af305b830494fa85d95f6d95ef7fa73f2ee1cc8ef5b495c7c3269fb835f/PyYAML-6.0.2-cp313-cp313-macosx_10_13_x86_64.whl", hash = "sha256:efdca5630322a10774e8e98e1af481aad470dd62c3170801852d752aa7a783ba", size = 181309, upload-time = "2024-08-06T20:32:43.4Z" },
    { url = "https://files.pythonhosted.org/packages/45/9f/3b1c20a0b7a3200524eb0076cc027a970d320bd3a6592873c85c92a08731/PyYAML-6.0.2-cp313-cp313-macosx_11_0_arm64.whl", hash = "sha256:50187695423ffe49e2deacb8cd10510bc361faac997de9efef88badc3bb9e2d1", size = 171679, upload-time = "2024-08-06T20:32:44.801Z" },
    { url = "https://files.pythonhosted.org/packages/7c/9a/337322f27005c33bcb656c655fa78325b730324c78620e8328ae28b64d0c/PyYAML-6.0.2-cp313-cp313-manylinux_2_17_aarch64.manylinux2014_aarch64.whl", hash = "sha256:0ffe8360bab4910ef1b9e87fb812d8bc0a308b0d0eef8c8f44e0254ab3b07133", size = 733428, upload-time = "2024-08-06T20:32:46.432Z" },
    { url = "https://files.pythonhosted.org/packages/a3/69/864fbe19e6c18ea3cc196cbe5d392175b4cf3d5d0ac1403ec3f2d237ebb5/PyYAML-6.0.2-cp313-cp313-manylinux_2_17_s390x.manylinux2014_s390x.whl", hash = "sha256:17e311b6c678207928d649faa7cb0d7b4c26a0ba73d41e99c4fff6b6c3276484", size = 763361, upload-time = "2024-08-06T20:32:51.188Z" },
    { url = "https://files.pythonhosted.org/packages/04/24/b7721e4845c2f162d26f50521b825fb061bc0a5afcf9a386840f23ea19fa/PyYAML-6.0.2-cp313-cp313-manylinux_2_17_x86_64.manylinux2014_x86_64.whl", hash = "sha256:70b189594dbe54f75ab3a1acec5f1e3faa7e8cf2f1e08d9b561cb41b845f69d5", size = 759523, upload-time = "2024-08-06T20:32:53.019Z" },
    { url = "https://files.pythonhosted.org/packages/2b/b2/e3234f59ba06559c6ff63c4e10baea10e5e7df868092bf9ab40e5b9c56b6/PyYAML-6.0.2-cp313-cp313-musllinux_1_1_aarch64.whl", hash = "sha256:41e4e3953a79407c794916fa277a82531dd93aad34e29c2a514c2c0c5fe971cc", size = 726660, upload-time = "2024-08-06T20:32:54.708Z" },
    { url = "https://files.pythonhosted.org/packages/fe/0f/25911a9f080464c59fab9027482f822b86bf0608957a5fcc6eaac85aa515/PyYAML-6.0.2-cp313-cp313-musllinux_1_1_x86_64.whl", hash = "sha256:68ccc6023a3400877818152ad9a1033e3db8625d899c72eacb5a668902e4d652", size = 751597, upload-time = "2024-08-06T20:32:56.985Z" },
    { url = "https://files.pythonhosted.org/packages/14/0d/e2c3b43bbce3cf6bd97c840b46088a3031085179e596d4929729d8d68270/PyYAML-6.0.2-cp313-cp313-win32.whl", hash = "sha256:bc2fa7c6b47d6bc618dd7fb02ef6fdedb1090ec036abab80d4681424b84c1183", size = 140527, upload-time = "2024-08-06T20:33:03.001Z" },
    { url = "https://files.pythonhosted.org/packages/fa/de/02b54f42487e3d3c6efb3f89428677074ca7bf43aae402517bc7cca949f3/PyYAML-6.0.2-cp313-cp313-win_amd64.whl", hash = "sha256:8388ee1976c416731879ac16da0aff3f63b286ffdd57cdeb95f3f2e085687563", size = 156446, upload-time = "2024-08-06T20:33:04.33Z" },
]

[[package]]
name = "ruff"
version = "0.11.0"
source = { registry = "https://pypi.org/simple" }
sdist = { url = "https://files.pythonhosted.org/packages/77/2b/7ca27e854d92df5e681e6527dc0f9254c9dc06c8408317893cf96c851cdd/ruff-0.11.0.tar.gz", hash = "sha256:e55c620690a4a7ee6f1cccb256ec2157dc597d109400ae75bbf944fc9d6462e2", size = 3799407, upload-time = "2025-03-14T13:52:36.539Z" }
wheels = [
    { url = "https://files.pythonhosted.org/packages/48/40/3d0340a9e5edc77d37852c0cd98c5985a5a8081fc3befaeb2ae90aaafd2b/ruff-0.11.0-py3-none-linux_armv6l.whl", hash = "sha256:dc67e32bc3b29557513eb7eeabb23efdb25753684b913bebb8a0c62495095acb", size = 10098158, upload-time = "2025-03-14T13:51:55.69Z" },
    { url = "https://files.pythonhosted.org/packages/ec/a9/d8f5abb3b87b973b007649ac7bf63665a05b2ae2b2af39217b09f52abbbf/ruff-0.11.0-py3-none-macosx_10_12_x86_64.whl", hash = "sha256:38c23fd9bdec4eb437b4c1e3595905a0a8edfccd63a790f818b28c78fe345639", size = 10879071, upload-time = "2025-03-14T13:51:58.989Z" },
    { url = "https://files.pythonhosted.org/packages/ab/62/aaa198614c6211677913ec480415c5e6509586d7b796356cec73a2f8a3e6/ruff-0.11.0-py3-none-macosx_11_0_arm64.whl", hash = "sha256:7c8661b0be91a38bd56db593e9331beaf9064a79028adee2d5f392674bbc5e88", size = 10247944, upload-time = "2025-03-14T13:52:02.318Z" },
    { url = "https://files.pythonhosted.org/packages/9f/52/59e0a9f2cf1ce5e6cbe336b6dd0144725c8ea3b97cac60688f4e7880bf13/ruff-0.11.0-py3-none-manylinux_2_17_aarch64.manylinux2014_aarch64.whl", hash = "sha256:b6c0e8d3d2db7e9f6efd884f44b8dc542d5b6b590fc4bb334fdbc624d93a29a2", size = 10421725, upload-time = "2025-03-14T13:52:04.303Z" },
    { url = "https://files.pythonhosted.org/packages/a6/c3/dcd71acc6dff72ce66d13f4be5bca1dbed4db678dff2f0f6f307b04e5c02/ruff-0.11.0-py3-none-manylinux_2_17_armv7l.manylinux2014_armv7l.whl", hash = "sha256:3c3156d3f4b42e57247275a0a7e15a851c165a4fc89c5e8fa30ea6da4f7407b8", size = 9954435, upload-time = "2025-03-14T13:52:06.602Z" },
    { url = "https://files.pythonhosted.org/packages/a6/9a/342d336c7c52dbd136dee97d4c7797e66c3f92df804f8f3b30da59b92e9c/ruff-0.11.0-py3-none-manylinux_2_17_i686.manylinux2014_i686.whl", hash = "sha256:490b1e147c1260545f6d041c4092483e3f6d8eba81dc2875eaebcf9140b53905", size = 11492664, upload-time = "2025-03-14T13:52:08.613Z" },
    { url = "https://files.pythonhosted.org/packages/84/35/6e7defd2d7ca95cc385ac1bd9f7f2e4a61b9cc35d60a263aebc8e590c462/ruff-0.11.0-py3-none-manylinux_2_17_ppc64.manylinux2014_ppc64.whl", hash = "sha256:1bc09a7419e09662983b1312f6fa5dab829d6ab5d11f18c3760be7ca521c9329", size = 12207856, upload-time = "2025-03-14T13:52:11.019Z" },
    { url = "https://files.pythonhosted.org/packages/22/78/da669c8731bacf40001c880ada6d31bcfb81f89cc996230c3b80d319993e/ruff-0.11.0-py3-none-manylinux_2_17_ppc64le.manylinux2014_ppc64le.whl", hash = "sha256:bcfa478daf61ac8002214eb2ca5f3e9365048506a9d52b11bea3ecea822bb844", size = 11645156, upload-time = "2025-03-14T13:52:13.383Z" },
    { url = "https://files.pythonhosted.org/packages/ee/47/e27d17d83530a208f4a9ab2e94f758574a04c51e492aa58f91a3ed7cbbcb/ruff-0.11.0-py3-none-manylinux_2_17_s390x.manylinux2014_s390x.whl", hash = "sha256:6fbb2aed66fe742a6a3a0075ed467a459b7cedc5ae01008340075909d819df1e", size = 13884167, upload-time = "2025-03-14T13:52:15.528Z" },
    { url = "https://files.pythonhosted.org/packages/9f/5e/42ffbb0a5d4b07bbc642b7d58357b4e19a0f4774275ca6ca7d1f7b5452cd/ruff-0.11.0-py3-none-manylinux_2_17_x86_64.manylinux2014_x86_64.whl", hash = "sha256:92c0c1ff014351c0b0cdfdb1e35fa83b780f1e065667167bb9502d47ca41e6db", size = 11348311, upload-time = "2025-03-14T13:52:18.088Z" },
    { url = "https://files.pythonhosted.org/packages/c8/51/dc3ce0c5ce1a586727a3444a32f98b83ba99599bb1ebca29d9302886e87f/ruff-0.11.0-py3-none-musllinux_1_2_aarch64.whl", hash = "sha256:e4fd5ff5de5f83e0458a138e8a869c7c5e907541aec32b707f57cf9a5e124445", size = 10305039, upload-time = "2025-03-14T13:52:20.476Z" },
    { url = "https://files.pythonhosted.org/packages/60/e0/475f0c2f26280f46f2d6d1df1ba96b3399e0234cf368cc4c88e6ad10dcd9/ruff-0.11.0-py3-none-musllinux_1_2_armv7l.whl", hash = "sha256:96bc89a5c5fd21a04939773f9e0e276308be0935de06845110f43fd5c2e4ead7", size = 9937939, upload-time = "2025-03-14T13:52:22.798Z" },
    { url = "https://files.pythonhosted.org/packages/e2/d3/3e61b7fd3e9cdd1e5b8c7ac188bec12975c824e51c5cd3d64caf81b0331e/ruff-0.11.0-py3-none-musllinux_1_2_i686.whl", hash = "sha256:a9352b9d767889ec5df1483f94870564e8102d4d7e99da52ebf564b882cdc2c7", size = 10923259, upload-time = "2025-03-14T13:52:24.89Z" },
    { url = "https://files.pythonhosted.org/packages/30/32/cd74149ebb40b62ddd14bd2d1842149aeb7f74191fb0f49bd45c76909ff2/ruff-0.11.0-py3-none-musllinux_1_2_x86_64.whl", hash = "sha256:049a191969a10897fe052ef9cc7491b3ef6de79acd7790af7d7897b7a9bfbcb6", size = 11406212, upload-time = "2025-03-14T13:52:27.493Z" },
    { url = "https://files.pythonhosted.org/packages/00/ef/033022a6b104be32e899b00de704d7c6d1723a54d4c9e09d147368f14b62/ruff-0.11.0-py3-none-win32.whl", hash = "sha256:3191e9116b6b5bbe187447656f0c8526f0d36b6fd89ad78ccaad6bdc2fad7df2", size = 10310905, upload-time = "2025-03-14T13:52:30.46Z" },
    { url = "https://files.pythonhosted.org/packages/ed/8a/163f2e78c37757d035bd56cd60c8d96312904ca4a6deeab8442d7b3cbf89/ruff-0.11.0-py3-none-win_amd64.whl", hash = "sha256:c58bfa00e740ca0a6c43d41fb004cd22d165302f360aaa56f7126d544db31a21", size = 11411730, upload-time = "2025-03-14T13:52:32.508Z" },
    { url = "https://files.pythonhosted.org/packages/4e/f7/096f6efabe69b49d7ca61052fc70289c05d8d35735c137ef5ba5ef423662/ruff-0.11.0-py3-none-win_arm64.whl", hash = "sha256:868364fc23f5aa122b00c6f794211e85f7e78f5dffdf7c590ab90b8c4e69b657", size = 10538956, upload-time = "2025-03-14T13:52:34.491Z" },
]

[[package]]
name = "setuptools"
version = "82.0.1"
source = { registry = "https://pypi.org/simple" }
sdist = { url = "https://files.pythonhosted.org/packages/4f/db/cfac1baf10650ab4d1c111714410d2fbb77ac5a616db26775db562c8fab2/setuptools-82.0.1.tar.gz", hash = "sha256:7d872682c5d01cfde07da7bccc7b65469d3dca203318515ada1de5eda35efbf9", size = 1152316, upload-time = "2026-03-09T12:47:17.221Z" }
wheels = [
    { url = "https://files.pythonhosted.org/packages/9d/76/f789f7a86709c6b087c5a2f52f911838cad707cc613162401badc665acfe/setuptools-82.0.1-py3-none-any.whl", hash = "sha256:a59e362652f08dcd477c78bb6e7bd9d80a7995bc73ce773050228a348ce2e5bb", size = 1006223, upload-time = "2026-03-09T12:47:15.026Z" },
]
